
Microsoft Visual Studio Solution File, Format Version 12.00
# Visual Studio Version 17
VisualStudioVersion = 17.5.33502.453
MinimumVisualStudioVersion = 10.0.40219.1
Project("{9A19103F-16F7-4668-BE54-9A1E7A4F7556}") = "Office_Seat_Booking_DLL", "Office_Seat_Booking_DLL\Office_Seat_Booking_DLL.csproj", "{52F15152-6C86-4A70-9F91-670B8D7F1E97}"
EndProject
Project("{9A19103F-16F7-4668-BE54-9A1E7A4F7556}") = "Office_Seat_Booking_Entity", "Office_Seat_Booking_Entity\Office_Seat_Booking_Entity.csproj", "{D3A275EE-7243-4F05-B544-36C9A7951AE3}"
EndProject
Project("{9A19103F-16F7-4668-BE54-9A1E7A4F7556}") = "Office_Seat_Booking_BLL", "Office_Seat_Booking_BLL\Office_Seat_Booking_BLL.csproj", "{5E3D267C-2186-4455-841F-1AEB3A2300E1}"
EndProject
Project("{9A19103F-16F7-4668-BE54-9A1E7A4F7556}") = "Office_Seat_Booking_API", "Office_Seat_Booking_API\Office_Seat_Booking_API.csproj", "{A79911A5-3C13-4724-961D-1B8D813633AD}"
EndProject
<<<<<<< HEAD
Project("{FAE04EC0-301F-11D3-BF4B-00C04F79EFBC}") = "Office_Seat_Booking_APITests", "Office_Seat_Booking_APITests\Office_Seat_Booking_APITests.csproj", "{54376110-C805-4407-90B7-B927B52AB345}"
=======
Project("{FAE04EC0-301F-11D3-BF4B-00C04F79EFBC}") = "Office_Seat_Booking_MVC", "Office_Seat_Booking_MVC\Office_Seat_Booking_MVC.csproj", "{BC698B78-D229-4D3C-8555-3052D1278FDC}"
>>>>>>> fcfd9b3c1c115032a7e985c3045bce889651ab6f
EndProject
Global
	GlobalSection(SolutionConfigurationPlatforms) = preSolution
		Debug|Any CPU = Debug|Any CPU
		Release|Any CPU = Release|Any CPU
	EndGlobalSection
	GlobalSection(ProjectConfigurationPlatforms) = postSolution
		{52F15152-6C86-4A70-9F91-670B8D7F1E97}.Debug|Any CPU.ActiveCfg = Debug|Any CPU
		{52F15152-6C86-4A70-9F91-670B8D7F1E97}.Debug|Any CPU.Build.0 = Debug|Any CPU
		{52F15152-6C86-4A70-9F91-670B8D7F1E97}.Release|Any CPU.ActiveCfg = Release|Any CPU
		{52F15152-6C86-4A70-9F91-670B8D7F1E97}.Release|Any CPU.Build.0 = Release|Any CPU
		{D3A275EE-7243-4F05-B544-36C9A7951AE3}.Debug|Any CPU.ActiveCfg = Debug|Any CPU
		{D3A275EE-7243-4F05-B544-36C9A7951AE3}.Debug|Any CPU.Build.0 = Debug|Any CPU
		{D3A275EE-7243-4F05-B544-36C9A7951AE3}.Release|Any CPU.ActiveCfg = Release|Any CPU
		{D3A275EE-7243-4F05-B544-36C9A7951AE3}.Release|Any CPU.Build.0 = Release|Any CPU
		{5E3D267C-2186-4455-841F-1AEB3A2300E1}.Debug|Any CPU.ActiveCfg = Debug|Any CPU
		{5E3D267C-2186-4455-841F-1AEB3A2300E1}.Debug|Any CPU.Build.0 = Debug|Any CPU
		{5E3D267C-2186-4455-841F-1AEB3A2300E1}.Release|Any CPU.ActiveCfg = Release|Any CPU
		{5E3D267C-2186-4455-841F-1AEB3A2300E1}.Release|Any CPU.Build.0 = Release|Any CPU
		{A79911A5-3C13-4724-961D-1B8D813633AD}.Debug|Any CPU.ActiveCfg = Debug|Any CPU
		{A79911A5-3C13-4724-961D-1B8D813633AD}.Debug|Any CPU.Build.0 = Debug|Any CPU
		{A79911A5-3C13-4724-961D-1B8D813633AD}.Release|Any CPU.ActiveCfg = Release|Any CPU
		{A79911A5-3C13-4724-961D-1B8D813633AD}.Release|Any CPU.Build.0 = Release|Any CPU
<<<<<<< HEAD
		{54376110-C805-4407-90B7-B927B52AB345}.Debug|Any CPU.ActiveCfg = Debug|Any CPU
		{54376110-C805-4407-90B7-B927B52AB345}.Debug|Any CPU.Build.0 = Debug|Any CPU
		{54376110-C805-4407-90B7-B927B52AB345}.Release|Any CPU.ActiveCfg = Release|Any CPU
		{54376110-C805-4407-90B7-B927B52AB345}.Release|Any CPU.Build.0 = Release|Any CPU
=======
		{BC698B78-D229-4D3C-8555-3052D1278FDC}.Debug|Any CPU.ActiveCfg = Debug|Any CPU
		{BC698B78-D229-4D3C-8555-3052D1278FDC}.Debug|Any CPU.Build.0 = Debug|Any CPU
		{BC698B78-D229-4D3C-8555-3052D1278FDC}.Release|Any CPU.ActiveCfg = Release|Any CPU
		{BC698B78-D229-4D3C-8555-3052D1278FDC}.Release|Any CPU.Build.0 = Release|Any CPU
>>>>>>> fcfd9b3c1c115032a7e985c3045bce889651ab6f
	EndGlobalSection
	GlobalSection(SolutionProperties) = preSolution
		HideSolutionNode = FALSE
	EndGlobalSection
	GlobalSection(ExtensibilityGlobals) = postSolution
		SolutionGuid = {1C258571-4F1E-4FAB-80AA-2E61C19E4C0E}
	EndGlobalSection
EndGlobal
